github.com/cometbft/cometbft v0.37.0 h1:M005vBaSaugvYYmNZwJOopynQSjwLoDTwflnQ/I/eYk=
github.com/cometbft/cometbft v0.37.0/go.mod h1:Y2MMMN//O5K4YKd8ze4r9jmk4Y7h0ajqILXbH5JQFVs=
github.com/cosmos/cosmos-sdk v0.47.0 h1:GKYtBpvjwuDEVix1vdnQpq7PuEOnItuEK0vdAL2cZ5g=
github.com/cosmos/cosmos-sdk v0.47.0/go.mod h1:FTtZbqiHCZ2vun9WrPq6qLQafNKkAuIhLAxzLjr2TiI=
github.com/cosmos/gogoproto v1.4.1 h1:WoyH+0/jbCTzpKNvyav5FL1ZTWsp1im1MxEpJEzKUB8=
github.com/cosmos/gogoproto v1.4.1/go.mod h1:Ac9lzL4vFpBMcptJROQ6dQ4M3pOEK5Z/l0Q9p+LoCr4=
github.com/cosmos/gogoproto v1.4.6 h1:Ee7z15dWJaGlgM2rWrK8N2IX7PQcuccu8oG68jp5RL4=
github.com/cosmos/gogoproto v1.4.6/go.mod h1:VS/ASYmPgv6zkPKLjR9EB91lwbLHOzaGCirmKKhncfI=
github.com/golang/protobuf v1.5.0/go.mod h1:FsONVRAS9T7sI+LIUmWTfcYkHO4aIWwzhcaSAoJOfIk=
github.com/golang/protobuf v1.5.2 h1:ROPKBNFfQgOUMifHyP+KYbvpjbdoFNs+aK7DXlji0Tw=
github.com/golang/protobuf v1.5.2/go.mod h1:XVQd3VNwM+JqD3oG2Ue2ip4fOMUkwXdXDdiuN0vRsmY=
github.com/golang/protobuf v1.5.3 h1:KhyjKVUg7Usr/dYsdSqoFveMYd5ko72D+zANwlG1mmg=
github.com/golang/protobuf v1.5.3/go.mod h1:XVQd3VNwM+JqD3oG2Ue2ip4fOMUkwXdXDdiuN0vRsmY=
github.com/google/go-cmp v0.5.5/go.mod h1:v8dTdLbMG2kIc/vJvl+f65V22dbkXbowE6jgT/gNBxE=
github.com/google/go-cmp v0.5.9 h1:O2Tfq5qg4qc4AmwVlvv0oLiVAGB7enBSJ2x2DqQFi38=
github.com/google/go-cmp v0.5.9/go.mod h1:17dUlkBOakJ0+DkrSSNjCkIjxS6bF9zb3elmeNGIjoY=
golang.org/x/exp v0.0.0-20230310171629-522b1b587ee0 h1:LGJsf5LRplCck6jUCH3dBL2dmycNruWNF5xugkSlfXw=
golang.org/x/exp v0.0.0-20230310171629-522b1b587ee0/go.mod h1:CxIveKay+FTh1D0yPZemJVgC/95VzuuOLq5Qi4xnoYc=
golang.org/x/xerrors v0.0.0-20191204190536-9bdfabe68543/go.mod h1:I/5z698sn9Ka8TeJc9MKroUUfqBBauWjQqLJ2OPfmY0=
google.golang.org/protobuf v1.26.0-rc.1/go.mod h1:jlhhOSvTdKEhbULTjvd4ARK9grFBp09yW+WbY/TyQbw=
google.golang.org/protobuf v1.26.0/go.mod h1:9q0QmTI4eRPtz6boOQmLYwt+qCgq0jsYwAQnmE0givc=
google.golang.org/protobuf v1.28.2-0.20220831092852-f930b1dc76e8 h1:KR8+MyP7/qOlV+8Af01LtjL04bu7on42eVsxT4EyBQk=
google.golang.org/protobuf v1.28.2-0.20220831092852-f930b1dc76e8/go.mod h1:HV8QOd/L58Z+nl8r43ehVNZIU/HEI6OcFqwMG9pJV4I=
google.golang.org/protobuf v1.29.1 h1:7QBf+IK2gx70Ap/hDsOmam3GE0v9HicjfEdAxE62UoM=
google.golang.org/protobuf v1.29.1/go.mod h1:HV8QOd/L58Z+nl8r43ehVNZIU/HEI6OcFqwMG9pJV4I=
